
Microsoft Visual Studio Solution File, Format Version 12.00
# Visual Studio Version 17
VisualStudioVersion = 17.3.32825.248
MinimumVisualStudioVersion = 10.0.40219.1
Project("{FAE04EC0-301F-11D3-BF4B-00C04F79EFBC}") = "RandomLotto_WIn10", "RandomLotto_WIn10\RandomLotto_WIn10.csproj", "{63E8D53D-18F2-48C3-8E94-6F317EB4A666}"
EndProject
Global
	GlobalSection(SolutionConfigurationPlatforms) = preSolution
		Debug|Any CPU = Debug|Any CPU
		Release|Any CPU = Release|Any CPU
	EndGlobalSection
	GlobalSection(ProjectConfigurationPlatforms) = postSolution
		{63E8D53D-18F2-48C3-8E94-6F317EB4A666}.Debug|Any CPU.ActiveCfg = Debug|Any CPU
		{63E8D53D-18F2-48C3-8E94-6F317EB4A666}.Debug|Any CPU.Build.0 = Debug|Any CPU
		{63E8D53D-18F2-48C3-8E94-6F317EB4A666}.Release|Any CPU.ActiveCfg = Release|Any CPU
		{63E8D53D-18F2-48C3-8E94-6F317EB4A666}.Release|Any CPU.Build.0 = Release|Any CPU
	EndGlobalSection
	GlobalSection(SolutionProperties) = preSolution
		HideSolutionNode = FALSE
	EndGlobalSection
	GlobalSection(ExtensibilityGlobals) = postSolution
		SolutionGuid = {571D452A-927F-4272-AD95-EF4547021B80}
	EndGlobalSection
EndGlobal
